
Microsoft Visual Studio Solution File, Format Version 12.00
# Visual Studio Version 16
VisualStudioVersion = 16.0.30611.23
MinimumVisualStudioVersion = 10.0.40219.1
Project("{8BC9CEB8-8B4A-11D0-8D11-00A0C91BC942}") = "Lab7_Var16", "Lab7_Var16\Lab7_Var16.vcxproj", "{8B7A4C88-0FF9-4AF9-9889-CFEA19C994F3}"
EndProject
Global
	GlobalSection(SolutionConfigurationPlatforms) = preSolution
		Debug|x64 = Debug|x64
		Debug|x86 = Debug|x86
		Release|x64 = Release|x64
		Release|x86 = Release|x86
	EndGlobalSection
	GlobalSection(ProjectConfigurationPlatforms) = postSolution
		{8B7A4C88-0FF9-4AF9-9889-CFEA19C994F3}.Debug|x64.ActiveCfg = Debug|x64
		{8B7A4C88-0FF9-4AF9-9889-CFEA19C994F3}.Debug|x64.Build.0 = Debug|x64
		{8B7A4C88-0FF9-4AF9-9889-CFEA19C994F3}.Debug|x86.ActiveCfg = Debug|Win32
		{8B7A4C88-0FF9-4AF9-9889-CFEA19C994F3}.Debug|x86.Build.0 = Debug|Win32
		{8B7A4C88-0FF9-4AF9-9889-CFEA19C994F3}.Release|x64.ActiveCfg = Release|x64
		{8B7A4C88-0FF9-4AF9-9889-CFEA19C994F3}.Release|x64.Build.0 = Release|x64
		{8B7A4C88-0FF9-4AF9-9889-CFEA19C994F3}.Release|x86.ActiveCfg = Release|Win32
		{8B7A4C88-0FF9-4AF9-9889-CFEA19C994F3}.Release|x86.Build.0 = Release|Win32
	EndGlobalSection
	GlobalSection(SolutionProperties) = preSolution
		HideSolutionNode = FALSE
	EndGlobalSection
	GlobalSection(ExtensibilityGlobals) = postSolution
		SolutionGuid = {5ED4457B-D3BA-4F11-82D3-AD302B55E224}
	EndGlobalSection
EndGlobal
